// !$*UTF8*$!
{
	archiveVersion = 1;
	classes = {
	};
	objectVersion = 56;
	objects = {

/* Begin PBXBuildFile section */
		3E582F42EA3251132C216781 /* Pods_MinimalThings.framework in Frameworks */ = {isa = PBXBuildFile; fileRef = 65A324EA6D2AC6436928BA9E /* Pods_MinimalThings.framework */; };
		42F1FF17DDDE38F70ECAFF38 /* Pods_MinimalThingsTests.framework in Frameworks */ = {isa = PBXBuildFile; fileRef = 7AB0D79F9D6E5E692ADB07E1 /* Pods_MinimalThingsTests.framework */; };
		5507F3622D6539ED007CA17B /* FlatLinkStyle.swift in Sources */ = {isa = PBXBuildFile; fileRef = 5507F3612D6539ED007CA17B /* FlatLinkStyle.swift */; };
		552ACBF32D44CE490055BA9A /* MinimalThingsApp.swift in Sources */ = {isa = PBXBuildFile; fileRef = 552ACBF22D44CE490055BA9A /* MinimalThingsApp.swift */; };
		552ACBF52D44CE490055BA9A /* ContentView.swift in Sources */ = {isa = PBXBuildFile; fileRef = 552ACBF42D44CE490055BA9A /* ContentView.swift */; };
		552ACBF92D44CE4A0055BA9A /* Assets.xcassets in Resources */ = {isa = PBXBuildFile; fileRef = 552ACBF82D44CE4A0055BA9A /* Assets.xcassets */; };
		552ACBFC2D44CE4A0055BA9A /* Preview Assets.xcassets in Resources */ = {isa = PBXBuildFile; fileRef = 552ACBFB2D44CE4A0055BA9A /* Preview Assets.xcassets */; };
		552ACC062D44CE4B0055BA9A /* MinimalThingsTests.swift in Sources */ = {isa = PBXBuildFile; fileRef = 552ACC052D44CE4B0055BA9A /* MinimalThingsTests.swift */; };
		552ACC102D44CE4B0055BA9A /* MinimalThingsUITests.swift in Sources */ = {isa = PBXBuildFile; fileRef = 552ACC0F2D44CE4B0055BA9A /* MinimalThingsUITests.swift */; };
		552ACC122D44CE4B0055BA9A /* MinimalThingsUITestsLaunchTests.swift in Sources */ = {isa = PBXBuildFile; fileRef = 552ACC112D44CE4B0055BA9A /* MinimalThingsUITestsLaunchTests.swift */; };
		552EC92E2D6D357B000150BF /* CustomDatePicker.swift in Sources */ = {isa = PBXBuildFile; fileRef = 552EC92D2D6D357B000150BF /* CustomDatePicker.swift */; };
		552EC9302D6D3B9C000150BF /* CustomTextField.swift in Sources */ = {isa = PBXBuildFile; fileRef = 552EC92F2D6D3B9C000150BF /* CustomTextField.swift */; };
		552EC9332D6D7B6D000150BF /* Localizable.xcstrings in Resources */ = {isa = PBXBuildFile; fileRef = 552EC9322D6D7B6D000150BF /* Localizable.xcstrings */; };
		5532DE3A2D541C770079E80B /* ItemCategory.swift in Sources */ = {isa = PBXBuildFile; fileRef = 5532DE392D541C770079E80B /* ItemCategory.swift */; };
		553C8AF32D61BF4A00D0F342 /* HomeView.swift in Sources */ = {isa = PBXBuildFile; fileRef = 553C8AF22D61BF4A00D0F342 /* HomeView.swift */; };
		553C8AFC2D61BFEA00D0F342 /* CategoryCard.swift in Sources */ = {isa = PBXBuildFile; fileRef = 553C8AFB2D61BFEA00D0F342 /* CategoryCard.swift */; };
		553C8AFF2D61CD6F00D0F342 /* StylishArrow.swift in Sources */ = {isa = PBXBuildFile; fileRef = 553C8AFE2D61CD6F00D0F342 /* StylishArrow.swift */; };
		554AC36F2D61F0FF009B3125 /* IconLabel.swift in Sources */ = {isa = PBXBuildFile; fileRef = 554AC36E2D61F0FF009B3125 /* IconLabel.swift */; };
		554AC3732D62951E009B3125 /* ItemCard.swift in Sources */ = {isa = PBXBuildFile; fileRef = 554AC3722D62951E009B3125 /* ItemCard.swift */; };
		55517EF72D6B054000284AC9 /* ItemEditor.swift in Sources */ = {isa = PBXBuildFile; fileRef = 55517EF62D6B054000284AC9 /* ItemEditor.swift */; };
		55517EF92D6B06CA00284AC9 /* ItemEditorPhotoField.swift in Sources */ = {isa = PBXBuildFile; fileRef = 55517EF82D6B06CA00284AC9 /* ItemEditorPhotoField.swift */; };
		55517EFB2D6B0E8200284AC9 /* PhotoEditor.swift in Sources */ = {isa = PBXBuildFile; fileRef = 55517EFA2D6B0E8200284AC9 /* PhotoEditor.swift */; };
		55517EFD2D6B0EB200284AC9 /* PhotoPicker.swift in Sources */ = {isa = PBXBuildFile; fileRef = 55517EFC2D6B0EB200284AC9 /* PhotoPicker.swift */; };
		55B8A56E2D62A96900D68EE8 /* HomeCategoryList.swift in Sources */ = {isa = PBXBuildFile; fileRef = 55B8A56D2D62A96900D68EE8 /* HomeCategoryList.swift */; };
		55C0693C2D6FD6D9000FB21B /* ImagePickerView.swift in Sources */ = {isa = PBXBuildFile; fileRef = 55C0693B2D6FD6D3000FB21B /* ImagePickerView.swift */; };
		55C0693E2D6FD75D000FB21B /* CameraPicker.swift in Sources */ = {isa = PBXBuildFile; fileRef = 55C0693D2D6FD75D000FB21B /* CameraPicker.swift */; };
		55C069402D7105B7000FB21B /* InterStitialViewModel.swift in Sources */ = {isa = PBXBuildFile; fileRef = 55C0693F2D7105A8000FB21B /* InterStitialViewModel.swift */; };
		55C7B8952D67DDFF0017926D /* HoverActionButtonStyle.swift in Sources */ = {isa = PBXBuildFile; fileRef = 55C7B8942D67DDFF0017926D /* HoverActionButtonStyle.swift */; };
		55C7B8972D67F53C0017926D /* CategorySetting.swift in Sources */ = {isa = PBXBuildFile; fileRef = 55C7B8962D67F53C0017926D /* CategorySetting.swift */; };
		55C7B89A2D6ACF2B0017926D /* SettingList.swift in Sources */ = {isa = PBXBuildFile; fileRef = 55C7B8992D6ACF2B0017926D /* SettingList.swift */; };
		55C7B89C2D6AD9DF0017926D /* CategoryEditor.swift in Sources */ = {isa = PBXBuildFile; fileRef = 55C7B89B2D6AD9DF0017926D /* CategoryEditor.swift */; };
		55C7B89E2D6ADC8D0017926D /* PrimaryButtonStyle.swift in Sources */ = {isa = PBXBuildFile; fileRef = 55C7B89D2D6ADC8D0017926D /* PrimaryButtonStyle.swift */; };
		55C7B8A02D6AF5B90017926D /* ItemListSorter.swift in Sources */ = {isa = PBXBuildFile; fileRef = 55C7B89F2D6AF5B90017926D /* ItemListSorter.swift */; };
		55DBA3E72D6DA92F005E0951 /* BannerContentView.swift in Sources */ = {isa = PBXBuildFile; fileRef = 55DBA3E62D6DA92F005E0951 /* BannerContentView.swift */; };
		55E8C9652D61E20600631966 /* Item.swift in Sources */ = {isa = PBXBuildFile; fileRef = 55E8C9642D61E20600631966 /* Item.swift */; };
		55E8C9672D61E3DD00631966 /* PreviewModelContainer.swift in Sources */ = {isa = PBXBuildFile; fileRef = 55E8C9662D61E3DD00631966 /* PreviewModelContainer.swift */; };
		C6D570DB9D9110468CF8F6B6 /* Pods_MinimalThings_MinimalThingsUITests.framework in Frameworks */ = {isa = PBXBuildFile; fileRef = 9E2ECBD67C4EE2242430C597 /* Pods_MinimalThings_MinimalThingsUITests.framework */; };
/* End PBXBuildFile section */

/* Begin PBXContainerItemProxy section */
		552ACC022D44CE4B0055BA9A /* PBXContainerItemProxy */ = {
			isa = PBXContainerItemProxy;
			containerPortal = 552ACBE72D44CE490055BA9A /* Project object */;
			proxyType = 1;
			remoteGlobalIDString = 552ACBEE2D44CE490055BA9A;
			remoteInfo = MinimalThings;
		};
		552ACC0C2D44CE4B0055BA9A /* PBXContainerItemProxy */ = {
			isa = PBXContainerItemProxy;
			containerPortal = 552ACBE72D44CE490055BA9A /* Project object */;
			proxyType = 1;
			remoteGlobalIDString = 552ACBEE2D44CE490055BA9A;
			remoteInfo = MinimalThings;
		};
/* End PBXContainerItemProxy section */

/* Begin PBXFileReference section */
		12AF87EC77A74B715CB87979 /* Pods-MinimalThings.release.xcconfig */ = {isa = PBXFileReference; includeInIndex = 1; lastKnownFileType = text.xcconfig; name = "Pods-MinimalThings.release.xcconfig"; path = "Target Support Files/Pods-MinimalThings/Pods-MinimalThings.release.xcconfig"; sourceTree = "<group>"; };
		2767CC924C595DF1A5B7BC40 /* Pods-MinimalThings-MinimalThingsUITests.release.xcconfig */ = {isa = PBXFileReference; includeInIndex = 1; lastKnownFileType = text.xcconfig; name = "Pods-MinimalThings-MinimalThingsUITests.release.xcconfig"; path = "Target Support Files/Pods-MinimalThings-MinimalThingsUITests/Pods-MinimalThings-MinimalThingsUITests.release.xcconfig"; sourceTree = "<group>"; };
		5507F3612D6539ED007CA17B /* FlatLinkStyle.swift */ = {isa = PBXFileReference; lastKnownFileType = sourcecode.swift; path = FlatLinkStyle.swift; sourceTree = "<group>"; };
		5514470F2D6DA36700D944CB /* MinimalThings.app */ = {isa = PBXFileReference; explicitFileType = wrapper.application; includeInIndex = 0; path = MinimalThings.app; sourceTree = BUILT_PRODUCTS_DIR; };
		551447102D6DA36700D944CB /* MinimalThingsTests.xctest */ = {isa = PBXFileReference; explicitFileType = wrapper.cfbundle; includeInIndex = 0; path = MinimalThingsTests.xctest; sourceTree = BUILT_PRODUCTS_DIR; };
		551447112D6DA36700D944CB /* MinimalThingsUITests.xctest */ = {isa = PBXFileReference; explicitFileType = wrapper.cfbundle; includeInIndex = 0; path = MinimalThingsUITests.xctest; sourceTree = BUILT_PRODUCTS_DIR; };
		552ACBF22D44CE490055BA9A /* MinimalThingsApp.swift */ = {isa = PBXFileReference; lastKnownFileType = sourcecode.swift; path = MinimalThingsApp.swift; sourceTree = "<group>"; };
		552ACBF42D44CE490055BA9A /* ContentView.swift */ = {isa = PBXFileReference; lastKnownFileType = sourcecode.swift; path = ContentView.swift; sourceTree = "<group>"; };
		552ACBF82D44CE4A0055BA9A /* Assets.xcassets */ = {isa = PBXFileReference; lastKnownFileType = folder.assetcatalog; path = Assets.xcassets; sourceTree = "<group>"; };
		552ACBFB2D44CE4A0055BA9A /* Preview Assets.xcassets */ = {isa = PBXFileReference; lastKnownFileType = folder.assetcatalog; path = "Preview Assets.xcassets"; sourceTree = "<group>"; };
		552ACC052D44CE4B0055BA9A /* MinimalThingsTests.swift */ = {isa = PBXFileReference; lastKnownFileType = sourcecode.swift; path = MinimalThingsTests.swift; sourceTree = "<group>"; };
		552ACC0F2D44CE4B0055BA9A /* MinimalThingsUITests.swift */ = {isa = PBXFileReference; lastKnownFileType = sourcecode.swift; path = MinimalThingsUITests.swift; sourceTree = "<group>"; };
		552ACC112D44CE4B0055BA9A /* MinimalThingsUITestsLaunchTests.swift */ = {isa = PBXFileReference; lastKnownFileType = sourcecode.swift; path = MinimalThingsUITestsLaunchTests.swift; sourceTree = "<group>"; };
		552ACC1E2D44CF250055BA9A /* MinimalThings.xctestplan */ = {isa = PBXFileReference; lastKnownFileType = text; path = MinimalThings.xctestplan; sourceTree = "<group>"; };
		552EC92D2D6D357B000150BF /* CustomDatePicker.swift */ = {isa = PBXFileReference; lastKnownFileType = sourcecode.swift; path = CustomDatePicker.swift; sourceTree = "<group>"; };
		552EC92F2D6D3B9C000150BF /* CustomTextField.swift */ = {isa = PBXFileReference; lastKnownFileType = sourcecode.swift; path = CustomTextField.swift; sourceTree = "<group>"; };
		552EC9322D6D7B6D000150BF /* Localizable.xcstrings */ = {isa = PBXFileReference; lastKnownFileType = text.json.xcstrings; path = Localizable.xcstrings; sourceTree = "<group>"; };
		5532DE392D541C770079E80B /* ItemCategory.swift */ = {isa = PBXFileReference; lastKnownFileType = sourcecode.swift; path = ItemCategory.swift; sourceTree = "<group>"; };
		553C8AF22D61BF4A00D0F342 /* HomeView.swift */ = {isa = PBXFileReference; lastKnownFileType = sourcecode.swift; path = HomeView.swift; sourceTree = "<group>"; };
		553C8AFB2D61BFEA00D0F342 /* CategoryCard.swift */ = {isa = PBXFileReference; lastKnownFileType = sourcecode.swift; path = CategoryCard.swift; sourceTree = "<group>"; };
		553C8AFE2D61CD6F00D0F342 /* StylishArrow.swift */ = {isa = PBXFileReference; lastKnownFileType = sourcecode.swift; path = StylishArrow.swift; sourceTree = "<group>"; };
		554AC36E2D61F0FF009B3125 /* IconLabel.swift */ = {isa = PBXFileReference; lastKnownFileType = sourcecode.swift; path = IconLabel.swift; sourceTree = "<group>"; };
		554AC3722D62951E009B3125 /* ItemCard.swift */ = {isa = PBXFileReference; lastKnownFileType = sourcecode.swift; path = ItemCard.swift; sourceTree = "<group>"; };
		55517EF62D6B054000284AC9 /* ItemEditor.swift */ = {isa = PBXFileReference; lastKnownFileType = sourcecode.swift; path = ItemEditor.swift; sourceTree = "<group>"; };
		55517EF82D6B06CA00284AC9 /* ItemEditorPhotoField.swift */ = {isa = PBXFileReference; lastKnownFileType = sourcecode.swift; path = ItemEditorPhotoField.swift; sourceTree = "<group>"; };
		55517EFA2D6B0E8200284AC9 /* PhotoEditor.swift */ = {isa = PBXFileReference; lastKnownFileType = sourcecode.swift; path = PhotoEditor.swift; sourceTree = "<group>"; };
		55517EFC2D6B0EB200284AC9 /* PhotoPicker.swift */ = {isa = PBXFileReference; lastKnownFileType = sourcecode.swift; path = PhotoPicker.swift; sourceTree = "<group>"; };
		55B8A56D2D62A96900D68EE8 /* HomeCategoryList.swift */ = {isa = PBXFileReference; lastKnownFileType = sourcecode.swift; path = HomeCategoryList.swift; sourceTree = "<group>"; };
		55C0693B2D6FD6D3000FB21B /* ImagePickerView.swift */ = {isa = PBXFileReference; lastKnownFileType = sourcecode.swift; path = ImagePickerView.swift; sourceTree = "<group>"; };
		55C0693D2D6FD75D000FB21B /* CameraPicker.swift */ = {isa = PBXFileReference; lastKnownFileType = sourcecode.swift; path = CameraPicker.swift; sourceTree = "<group>"; };
		55C0693F2D7105A8000FB21B /* InterStitialViewModel.swift */ = {isa = PBXFileReference; lastKnownFileType = sourcecode.swift; path = InterStitialViewModel.swift; sourceTree = "<group>"; };
		55C7B8942D67DDFF0017926D /* HoverActionButtonStyle.swift */ = {isa = PBXFileReference; lastKnownFileType = sourcecode.swift; path = HoverActionButtonStyle.swift; sourceTree = "<group>"; };
		55C7B8962D67F53C0017926D /* CategorySetting.swift */ = {isa = PBXFileReference; lastKnownFileType = sourcecode.swift; path = CategorySetting.swift; sourceTree = "<group>"; };
		55C7B8992D6ACF2B0017926D /* SettingList.swift */ = {isa = PBXFileReference; lastKnownFileType = sourcecode.swift; path = SettingList.swift; sourceTree = "<group>"; };
		55C7B89B2D6AD9DF0017926D /* CategoryEditor.swift */ = {isa = PBXFileReference; lastKnownFileType = sourcecode.swift; path = CategoryEditor.swift; sourceTree = "<group>"; };
		55C7B89D2D6ADC8D0017926D /* PrimaryButtonStyle.swift */ = {isa = PBXFileReference; lastKnownFileType = sourcecode.swift; path = PrimaryButtonStyle.swift; sourceTree = "<group>"; };
		55C7B89F2D6AF5B90017926D /* ItemListSorter.swift */ = {isa = PBXFileReference; lastKnownFileType = sourcecode.swift; path = ItemListSorter.swift; sourceTree = "<group>"; };
		55DBA3E42D6DA6D7005E0951 /* Info.plist */ = {isa = PBXFileReference; lastKnownFileType = text.plist; path = Info.plist; sourceTree = "<group>"; };
		55DBA3E62D6DA92F005E0951 /* BannerContentView.swift */ = {isa = PBXFileReference; lastKnownFileType = sourcecode.swift; path = BannerContentView.swift; sourceTree = "<group>"; };
		55E8C9642D61E20600631966 /* Item.swift */ = {isa = PBXFileReference; lastKnownFileType = sourcecode.swift; path = Item.swift; sourceTree = "<group>"; };
		55E8C9662D61E3DD00631966 /* PreviewModelContainer.swift */ = {isa = PBXFileReference; lastKnownFileType = sourcecode.swift; path = PreviewModelContainer.swift; sourceTree = "<group>"; };
		65A324EA6D2AC6436928BA9E /* Pods_MinimalThings.framework */ = {isa = PBXFileReference; explicitFileType = wrapper.framework; includeInIndex = 0; path = Pods_MinimalThings.framework; sourceTree = BUILT_PRODUCTS_DIR; };
		7AB0D79F9D6E5E692ADB07E1 /* Pods_MinimalThingsTests.framework */ = {isa = PBXFileReference; explicitFileType = wrapper.framework; includeInIndex = 0; path = Pods_MinimalThingsTests.framework; sourceTree = BUILT_PRODUCTS_DIR; };
		85FDA4D6AB9705AED97C2C00 /* Pods-MinimalThings.debug.xcconfig */ = {isa = PBXFileReference; includeInIndex = 1; lastKnownFileType = text.xcconfig; name = "Pods-MinimalThings.debug.xcconfig"; path = "Target Support Files/Pods-MinimalThings/Pods-MinimalThings.debug.xcconfig"; sourceTree = "<group>"; };
		9E2ECBD67C4EE2242430C597 /* Pods_MinimalThings_MinimalThingsUITests.framework */ = {isa = PBXFileReference; explicitFileType = wrapper.framework; includeInIndex = 0; path = Pods_MinimalThings_MinimalThingsUITests.framework; sourceTree = BUILT_PRODUCTS_DIR; };
		A19685C475C0A29015414CA5 /* Pods-MinimalThings-MinimalThingsUITests.debug.xcconfig */ = {isa = PBXFileReference; includeInIndex = 1; lastKnownFileType = text.xcconfig; name = "Pods-MinimalThings-MinimalThingsUITests.debug.xcconfig"; path = "Target Support Files/Pods-MinimalThings-MinimalThingsUITests/Pods-MinimalThings-MinimalThingsUITests.debug.xcconfig"; sourceTree = "<group>"; };
		C1E1334DD52C06E939FC1B7E /* Pods-MinimalThingsTests.debug.xcconfig */ = {isa = PBXFileReference; includeInIndex = 1; lastKnownFileType = text.xcconfig; name = "Pods-MinimalThingsTests.debug.xcconfig"; path = "Target Support Files/Pods-MinimalThingsTests/Pods-MinimalThingsTests.debug.xcconfig"; sourceTree = "<group>"; };
		CB313E3926F13C3A2D3BBD13 /* Pods-MinimalThingsTests.release.xcconfig */ = {isa = PBXFileReference; includeInIndex = 1; lastKnownFileType = text.xcconfig; name = "Pods-MinimalThingsTests.release.xcconfig"; path = "Target Support Files/Pods-MinimalThingsTests/Pods-MinimalThingsTests.release.xcconfig"; sourceTree = "<group>"; };
/* End PBXFileReference section */

/* Begin PBXFrameworksBuildPhase section */
		552ACBEC2D44CE490055BA9A /* Frameworks */ = {
			isa = PBXFrameworksBuildPhase;
			buildActionMask = 2147483647;
			files = (
				3E582F42EA3251132C216781 /* Pods_MinimalThings.framework in Frameworks */,
			);
			runOnlyForDeploymentPostprocessing = 0;
		};
		552ACBFE2D44CE4B0055BA9A /* Frameworks */ = {
			isa = PBXFrameworksBuildPhase;
			buildActionMask = 2147483647;
			files = (
				42F1FF17DDDE38F70ECAFF38 /* Pods_MinimalThingsTests.framework in Frameworks */,
			);
			runOnlyForDeploymentPostprocessing = 0;
		};
		552ACC082D44CE4B0055BA9A /* Frameworks */ = {
			isa = PBXFrameworksBuildPhase;
			buildActionMask = 2147483647;
			files = (
				C6D570DB9D9110468CF8F6B6 /* Pods_MinimalThings_MinimalThingsUITests.framework in Frameworks */,
			);
			runOnlyForDeploymentPostprocessing = 0;
		};
/* End PBXFrameworksBuildPhase section */

/* Begin PBXGroup section */
		10D595947B29F09DB15289F2 /* Pods */ = {
			isa = PBXGroup;
			children = (
				85FDA4D6AB9705AED97C2C00 /* Pods-MinimalThings.debug.xcconfig */,
				12AF87EC77A74B715CB87979 /* Pods-MinimalThings.release.xcconfig */,
				A19685C475C0A29015414CA5 /* Pods-MinimalThings-MinimalThingsUITests.debug.xcconfig */,
				2767CC924C595DF1A5B7BC40 /* Pods-MinimalThings-MinimalThingsUITests.release.xcconfig */,
				C1E1334DD52C06E939FC1B7E /* Pods-MinimalThingsTests.debug.xcconfig */,
				CB313E3926F13C3A2D3BBD13 /* Pods-MinimalThingsTests.release.xcconfig */,
			);
			path = Pods;
			sourceTree = "<group>";
		};
		4BC7C14B5A059C96FD8592BE /* Frameworks */ = {
			isa = PBXGroup;
			children = (
				65A324EA6D2AC6436928BA9E /* Pods_MinimalThings.framework */,
				9E2ECBD67C4EE2242430C597 /* Pods_MinimalThings_MinimalThingsUITests.framework */,
				7AB0D79F9D6E5E692ADB07E1 /* Pods_MinimalThingsTests.framework */,
			);
			name = Frameworks;
			sourceTree = "<group>";
		};
		5507F3602D6539D1007CA17B /* Style */ = {
			isa = PBXGroup;
			children = (
				55C7B8942D67DDFF0017926D /* HoverActionButtonStyle.swift */,
				5507F3612D6539ED007CA17B /* FlatLinkStyle.swift */,
				55C7B89D2D6ADC8D0017926D /* PrimaryButtonStyle.swift */,
			);
			path = Style;
			sourceTree = "<group>";
		};
		552ACBE62D44CE490055BA9A = {
			isa = PBXGroup;
			children = (
				552EC9322D6D7B6D000150BF /* Localizable.xcstrings */,
				552ACC1E2D44CF250055BA9A /* MinimalThings.xctestplan */,
				552ACBF12D44CE490055BA9A /* MinimalThings */,
				552ACC042D44CE4B0055BA9A /* MinimalThingsTests */,
				552ACC0E2D44CE4B0055BA9A /* MinimalThingsUITests */,
				10D595947B29F09DB15289F2 /* Pods */,
				4BC7C14B5A059C96FD8592BE /* Frameworks */,
				5514470F2D6DA36700D944CB /* MinimalThings.app */,
				551447102D6DA36700D944CB /* MinimalThingsTests.xctest */,
				551447112D6DA36700D944CB /* MinimalThingsUITests.xctest */,
			);
			sourceTree = "<group>";
		};
		552ACBF12D44CE490055BA9A /* MinimalThings */ = {
			isa = PBXGroup;
			children = (
				55DBA3E42D6DA6D7005E0951 /* Info.plist */,
				5532DE3B2D5425960079E80B /* View */,
				5532DE362D52CFD80079E80B /* Model */,
				552ACBF22D44CE490055BA9A /* MinimalThingsApp.swift */,
				552ACBF42D44CE490055BA9A /* ContentView.swift */,
				552ACBF82D44CE4A0055BA9A /* Assets.xcassets */,
				552ACBFA2D44CE4A0055BA9A /* Preview Content */,
			);
			path = MinimalThings;
			sourceTree = "<group>";
		};
		552ACBFA2D44CE4A0055BA9A /* Preview Content */ = {
			isa = PBXGroup;
			children = (
				552ACBFB2D44CE4A0055BA9A /* Preview Assets.xcassets */,
				55E8C9662D61E3DD00631966 /* PreviewModelContainer.swift */,
			);
			path = "Preview Content";
			sourceTree = "<group>";
		};
		552ACC042D44CE4B0055BA9A /* MinimalThingsTests */ = {
			isa = PBXGroup;
			children = (
				552ACC052D44CE4B0055BA9A /* MinimalThingsTests.swift */,
			);
			path = MinimalThingsTests;
			sourceTree = "<group>";
		};
		552ACC0E2D44CE4B0055BA9A /* MinimalThingsUITests */ = {
			isa = PBXGroup;
			children = (
				552ACC0F2D44CE4B0055BA9A /* MinimalThingsUITests.swift */,
				552ACC112D44CE4B0055BA9A /* MinimalThingsUITestsLaunchTests.swift */,
			);
			path = MinimalThingsUITests;
			sourceTree = "<group>";
		};
		552EC92C2D6D3568000150BF /* Form */ = {
			isa = PBXGroup;
			children = (
				552EC92D2D6D357B000150BF /* CustomDatePicker.swift */,
				552EC92F2D6D3B9C000150BF /* CustomTextField.swift */,
			);
			path = Form;
			sourceTree = "<group>";
		};
		5532DE362D52CFD80079E80B /* Model */ = {
			isa = PBXGroup;
			children = (
				5532DE392D541C770079E80B /* ItemCategory.swift */,
				55E8C9642D61E20600631966 /* Item.swift */,
			);
			path = Model;
			sourceTree = "<group>";
		};
		5532DE3B2D5425960079E80B /* View */ = {
			isa = PBXGroup;
			children = (
				55DBA3E52D6DA91C005E0951 /* Ad */,
				553C8AF42D61BF4F00D0F342 /* Home */,
				55C7B8982D6ACF160017926D /* Setting */,
				553C8AF72D61BF7700D0F342 /* Component */,
			);
			path = View;
			sourceTree = "<group>";
		};
		553C8AF42D61BF4F00D0F342 /* Home */ = {
			isa = PBXGroup;
			children = (
				553C8AF22D61BF4A00D0F342 /* HomeView.swift */,
				55B8A56D2D62A96900D68EE8 /* HomeCategoryList.swift */,
			);
			path = Home;
			sourceTree = "<group>";
		};
		553C8AF62D61BF6C00D0F342 /* Category */ = {
			isa = PBXGroup;
			children = (
				553C8AFB2D61BFEA00D0F342 /* CategoryCard.swift */,
				55C7B89B2D6AD9DF0017926D /* CategoryEditor.swift */,
				55C7B89F2D6AF5B90017926D /* ItemListSorter.swift */,
			);
			path = Category;
			sourceTree = "<group>";
		};
		553C8AF72D61BF7700D0F342 /* Component */ = {
			isa = PBXGroup;
			children = (
				55C0693A2D6FD6C8000FB21B /* ImagePicker */,
				553C8AF62D61BF6C00D0F342 /* Category */,
				553C8AF82D61BF9000D0F342 /* Item */,
				552EC92C2D6D3568000150BF /* Form */,
				553C8AFD2D61CD5500D0F342 /* Shape */,
				5507F3602D6539D1007CA17B /* Style */,
				554AC36E2D61F0FF009B3125 /* IconLabel.swift */,
			);
			path = Component;
			sourceTree = "<group>";
		};
		553C8AF82D61BF9000D0F342 /* Item */ = {
			isa = PBXGroup;
			children = (
				554AC3722D62951E009B3125 /* ItemCard.swift */,
				55517EFE2D6B102D00284AC9 /* Editor */,
			);
			path = Item;
			sourceTree = "<group>";
		};
		553C8AFD2D61CD5500D0F342 /* Shape */ = {
			isa = PBXGroup;
			children = (
				553C8AFE2D61CD6F00D0F342 /* StylishArrow.swift */,
			);
			path = Shape;
			sourceTree = "<group>";
		};
		55517EFE2D6B102D00284AC9 /* Editor */ = {
			isa = PBXGroup;
			children = (
				55517EF62D6B054000284AC9 /* ItemEditor.swift */,
				55517EF82D6B06CA00284AC9 /* ItemEditorPhotoField.swift */,
				55517EFC2D6B0EB200284AC9 /* PhotoPicker.swift */,
				55517EFA2D6B0E8200284AC9 /* PhotoEditor.swift */,
				55C0693D2D6FD75D000FB21B /* CameraPicker.swift */,
			);
			path = Editor;
			sourceTree = "<group>";
		};
		55C0693A2D6FD6C8000FB21B /* ImagePicker */ = {
			isa = PBXGroup;
			children = (
				55C0693B2D6FD6D3000FB21B /* ImagePickerView.swift */,
			);
			path = ImagePicker;
			sourceTree = "<group>";
		};
		55C7B8982D6ACF160017926D /* Setting */ = {
			isa = PBXGroup;
			children = (
				55C7B8992D6ACF2B0017926D /* SettingList.swift */,
				55C7B8962D67F53C0017926D /* CategorySetting.swift */,
			);
			path = Setting;
			sourceTree = "<group>";
		};
		55DBA3E52D6DA91C005E0951 /* Ad */ = {
			isa = PBXGroup;
			children = (
				55C0693F2D7105A8000FB21B /* InterStitialViewModel.swift */,
				55DBA3E62D6DA92F005E0951 /* BannerContentView.swift */,
			);
			path = Ad;
			sourceTree = "<group>";
		};
/* End PBXGroup section */

/* Begin PBXNativeTarget section */
		552ACBEE2D44CE490055BA9A /* MinimalThings */ = {
			isa = PBXNativeTarget;
			buildConfigurationList = 552ACC152D44CE4B0055BA9A /* Build configuration list for PBXNativeTarget "MinimalThings" */;
			buildPhases = (
				A974297BFD1945ABF8C91ED2 /* [CP] Check Pods Manifest.lock */,
				552ACBEB2D44CE490055BA9A /* Sources */,
				552ACBEC2D44CE490055BA9A /* Frameworks */,
				552ACBED2D44CE490055BA9A /* Resources */,
				CE35485C6CF58FA3D54390C0 /* [CP] Copy Pods Resources */,
			);
			buildRules = (
			);
			dependencies = (
			);
			name = MinimalThings;
			productName = MinimalThings;
			productReference = 5514470F2D6DA36700D944CB /* MinimalThings.app */;
			productType = "com.apple.product-type.application";
		};
		552ACC002D44CE4B0055BA9A /* MinimalThingsTests */ = {
			isa = PBXNativeTarget;
			buildConfigurationList = 552ACC182D44CE4B0055BA9A /* Build configuration list for PBXNativeTarget "MinimalThingsTests" */;
			buildPhases = (
				1F8D6EC80316F00FE01559DB /* [CP] Check Pods Manifest.lock */,
				552ACBFD2D44CE4B0055BA9A /* Sources */,
				552ACBFE2D44CE4B0055BA9A /* Frameworks */,
				552ACBFF2D44CE4B0055BA9A /* Resources */,
			);
			buildRules = (
			);
			dependencies = (
				552ACC032D44CE4B0055BA9A /* PBXTargetDependency */,
			);
			name = MinimalThingsTests;
			productName = MinimalThingsTests;
			productReference = 551447102D6DA36700D944CB /* MinimalThingsTests.xctest */;
			productType = "com.apple.product-type.bundle.unit-test";
		};
		552ACC0A2D44CE4B0055BA9A /* MinimalThingsUITests */ = {
			isa = PBXNativeTarget;
			buildConfigurationList = 552ACC1B2D44CE4B0055BA9A /* Build configuration list for PBXNativeTarget "MinimalThingsUITests" */;
			buildPhases = (
				EE8A372B9EBC6CA3B1A3AD7E /* [CP] Check Pods Manifest.lock */,
				552ACC072D44CE4B0055BA9A /* Sources */,
				552ACC082D44CE4B0055BA9A /* Frameworks */,
				552ACC092D44CE4B0055BA9A /* Resources */,
				DB76B700EB52F3BBAF39603B /* [CP] Copy Pods Resources */,
			);
			buildRules = (
			);
			dependencies = (
				552ACC0D2D44CE4B0055BA9A /* PBXTargetDependency */,
			);
			name = MinimalThingsUITests;
			productName = MinimalThingsUITests;
			productReference = 551447112D6DA36700D944CB /* MinimalThingsUITests.xctest */;
			productType = "com.apple.product-type.bundle.ui-testing";
		};
/* End PBXNativeTarget section */

/* Begin PBXProject section */
		552ACBE72D44CE490055BA9A /* Project object */ = {
			isa = PBXProject;
			attributes = {
				BuildIndependentTargetsInParallel = 1;
				LastSwiftUpdateCheck = 1540;
				LastUpgradeCheck = 1540;
				TargetAttributes = {
					552ACBEE2D44CE490055BA9A = {
						CreatedOnToolsVersion = 15.4;
					};
					552ACC002D44CE4B0055BA9A = {
						CreatedOnToolsVersion = 15.4;
						TestTargetID = 552ACBEE2D44CE490055BA9A;
					};
					552ACC0A2D44CE4B0055BA9A = {
						CreatedOnToolsVersion = 15.4;
						TestTargetID = 552ACBEE2D44CE490055BA9A;
					};
				};
			};
			buildConfigurationList = 552ACBEA2D44CE490055BA9A /* Build configuration list for PBXProject "MinimalThings" */;
			compatibilityVersion = "Xcode 14.0";
			developmentRegion = en;
			hasScannedForEncodings = 0;
			knownRegions = (
				Base,
				ja,
				en,
			);
			mainGroup = 552ACBE62D44CE490055BA9A;
			productRefGroup = 552ACBE62D44CE490055BA9A;
			projectDirPath = "";
			projectRoot = "";
			targets = (
				552ACBEE2D44CE490055BA9A /* MinimalThings */,
				552ACC002D44CE4B0055BA9A /* MinimalThingsTests */,
				552ACC0A2D44CE4B0055BA9A /* MinimalThingsUITests */,
			);
		};
/* End PBXProject section */

/* Begin PBXResourcesBuildPhase section */
		552ACBED2D44CE490055BA9A /* Resources */ = {
			isa = PBXResourcesBuildPhase;
			buildActionMask = 2147483647;
			files = (
				552ACBFC2D44CE4A0055BA9A /* Preview Assets.xcassets in Resources */,
				552ACBF92D44CE4A0055BA9A /* Assets.xcassets in Resources */,
				552EC9332D6D7B6D000150BF /* Localizable.xcstrings in Resources */,
			);
			runOnlyForDeploymentPostprocessing = 0;
		};
		552ACBFF2D44CE4B0055BA9A /* Resources */ = {
			isa = PBXResourcesBuildPhase;
			buildActionMask = 2147483647;
			files = (
			);
			runOnlyForDeploymentPostprocessing = 0;
		};
		552ACC092D44CE4B0055BA9A /* Resources */ = {
			isa = PBXResourcesBuildPhase;
			buildActionMask = 2147483647;
			files = (
			);
			runOnlyForDeploymentPostprocessing = 0;
		};
/* End PBXResourcesBuildPhase section */

/* Begin PBXShellScriptBuildPhase section */
		1F8D6EC80316F00FE01559DB /* [CP] Check Pods Manifest.lock */ = {
			isa = PBXShellScriptBuildPhase;
			buildActionMask = 2147483647;
			files = (
			);
			inputFileListPaths = (
			);
			inputPaths = (
				"${PODS_PODFILE_DIR_PATH}/Podfile.lock",
				"${PODS_ROOT}/Manifest.lock",
			);
			name = "[CP] Check Pods Manifest.lock";
			outputFileListPaths = (
			);
			outputPaths = (
				"$(DERIVED_FILE_DIR)/Pods-MinimalThingsTests-checkManifestLockResult.txt",
			);
			runOnlyForDeploymentPostprocessing = 0;
			shellPath = /bin/sh;
			shellScript = "diff \"${PODS_PODFILE_DIR_PATH}/Podfile.lock\" \"${PODS_ROOT}/Manifest.lock\" > /dev/null\nif [ $? != 0 ] ; then\n    # print error to STDERR\n    echo \"error: The sandbox is not in sync with the Podfile.lock. Run 'pod install' or update your CocoaPods installation.\" >&2\n    exit 1\nfi\n# This output is used by Xcode 'outputs' to avoid re-running this script phase.\necho \"SUCCESS\" > \"${SCRIPT_OUTPUT_FILE_0}\"\n";
			showEnvVarsInLog = 0;
		};
		A974297BFD1945ABF8C91ED2 /* [CP] Check Pods Manifest.lock */ = {
			isa = PBXShellScriptBuildPhase;
			buildActionMask = 2147483647;
			files = (
			);
			inputFileListPaths = (
			);
			inputPaths = (
				"${PODS_PODFILE_DIR_PATH}/Podfile.lock",
				"${PODS_ROOT}/Manifest.lock",
			);
			name = "[CP] Check Pods Manifest.lock";
			outputFileListPaths = (
			);
			outputPaths = (
				"$(DERIVED_FILE_DIR)/Pods-MinimalThings-checkManifestLockResult.txt",
			);
			runOnlyForDeploymentPostprocessing = 0;
			shellPath = /bin/sh;
			shellScript = "diff \"${PODS_PODFILE_DIR_PATH}/Podfile.lock\" \"${PODS_ROOT}/Manifest.lock\" > /dev/null\nif [ $? != 0 ] ; then\n    # print error to STDERR\n    echo \"error: The sandbox is not in sync with the Podfile.lock. Run 'pod install' or update your CocoaPods installation.\" >&2\n    exit 1\nfi\n# This output is used by Xcode 'outputs' to avoid re-running this script phase.\necho \"SUCCESS\" > \"${SCRIPT_OUTPUT_FILE_0}\"\n";
			showEnvVarsInLog = 0;
		};
		CE35485C6CF58FA3D54390C0 /* [CP] Copy Pods Resources */ = {
			isa = PBXShellScriptBuildPhase;
			buildActionMask = 2147483647;
			files = (
			);
			inputFileListPaths = (
				"${PODS_ROOT}/Target Support Files/Pods-MinimalThings/Pods-MinimalThings-resources-${CONFIGURATION}-input-files.xcfilelist",
			);
			name = "[CP] Copy Pods Resources";
			outputFileListPaths = (
				"${PODS_ROOT}/Target Support Files/Pods-MinimalThings/Pods-MinimalThings-resources-${CONFIGURATION}-output-files.xcfilelist",
			);
			runOnlyForDeploymentPostprocessing = 0;
			shellPath = /bin/sh;
			shellScript = "\"${PODS_ROOT}/Target Support Files/Pods-MinimalThings/Pods-MinimalThings-resources.sh\"\n";
			showEnvVarsInLog = 0;
		};
		DB76B700EB52F3BBAF39603B /* [CP] Copy Pods Resources */ = {
			isa = PBXShellScriptBuildPhase;
			buildActionMask = 2147483647;
			files = (
			);
			inputFileListPaths = (
				"${PODS_ROOT}/Target Support Files/Pods-MinimalThings-MinimalThingsUITests/Pods-MinimalThings-MinimalThingsUITests-resources-${CONFIGURATION}-input-files.xcfilelist",
			);
			name = "[CP] Copy Pods Resources";
			outputFileListPaths = (
				"${PODS_ROOT}/Target Support Files/Pods-MinimalThings-MinimalThingsUITests/Pods-MinimalThings-MinimalThingsUITests-resources-${CONFIGURATION}-output-files.xcfilelist",
			);
			runOnlyForDeploymentPostprocessing = 0;
			shellPath = /bin/sh;
			shellScript = "\"${PODS_ROOT}/Target Support Files/Pods-MinimalThings-MinimalThingsUITests/Pods-MinimalThings-MinimalThingsUITests-resources.sh\"\n";
			showEnvVarsInLog = 0;
		};
		EE8A372B9EBC6CA3B1A3AD7E /* [CP] Check Pods Manifest.lock */ = {
			isa = PBXShellScriptBuildPhase;
			buildActionMask = 2147483647;
			files = (
			);
			inputFileListPaths = (
			);
			inputPaths = (
				"${PODS_PODFILE_DIR_PATH}/Podfile.lock",
				"${PODS_ROOT}/Manifest.lock",
			);
			name = "[CP] Check Pods Manifest.lock";
			outputFileListPaths = (
			);
			outputPaths = (
				"$(DERIVED_FILE_DIR)/Pods-MinimalThings-MinimalThingsUITests-checkManifestLockResult.txt",
			);
			runOnlyForDeploymentPostprocessing = 0;
			shellPath = /bin/sh;
			shellScript = "diff \"${PODS_PODFILE_DIR_PATH}/Podfile.lock\" \"${PODS_ROOT}/Manifest.lock\" > /dev/null\nif [ $? != 0 ] ; then\n    # print error to STDERR\n    echo \"error: The sandbox is not in sync with the Podfile.lock. Run 'pod install' or update your CocoaPods installation.\" >&2\n    exit 1\nfi\n# This output is used by Xcode 'outputs' to avoid re-running this script phase.\necho \"SUCCESS\" > \"${SCRIPT_OUTPUT_FILE_0}\"\n";
			showEnvVarsInLog = 0;
		};
/* End PBXShellScriptBuildPhase section */

/* Begin PBXSourcesBuildPhase section */
		552ACBEB2D44CE490055BA9A /* Sources */ = {
			isa = PBXSourcesBuildPhase;
			buildActionMask = 2147483647;
			files = (
				55DBA3E72D6DA92F005E0951 /* BannerContentView.swift in Sources */,
				55C7B89E2D6ADC8D0017926D /* PrimaryButtonStyle.swift in Sources */,
				553C8AFF2D61CD6F00D0F342 /* StylishArrow.swift in Sources */,
				55517EFB2D6B0E8200284AC9 /* PhotoEditor.swift in Sources */,
				552ACBF52D44CE490055BA9A /* ContentView.swift in Sources */,
				55C7B8A02D6AF5B90017926D /* ItemListSorter.swift in Sources */,
				55C7B8972D67F53C0017926D /* CategorySetting.swift in Sources */,
				55E8C9672D61E3DD00631966 /* PreviewModelContainer.swift in Sources */,
				55517EFD2D6B0EB200284AC9 /* PhotoPicker.swift in Sources */,
				5507F3622D6539ED007CA17B /* FlatLinkStyle.swift in Sources */,
				552EC9302D6D3B9C000150BF /* CustomTextField.swift in Sources */,
				55B8A56E2D62A96900D68EE8 /* HomeCategoryList.swift in Sources */,
				55C7B89A2D6ACF2B0017926D /* SettingList.swift in Sources */,
				5532DE3A2D541C770079E80B /* ItemCategory.swift in Sources */,
				55E8C9652D61E20600631966 /* Item.swift in Sources */,
				553C8AFC2D61BFEA00D0F342 /* CategoryCard.swift in Sources */,
				55517EF72D6B054000284AC9 /* ItemEditor.swift in Sources */,
				553C8AF32D61BF4A00D0F342 /* HomeView.swift in Sources */,
				55517EF92D6B06CA00284AC9 /* ItemEditorPhotoField.swift in Sources */,
				554AC3732D62951E009B3125 /* ItemCard.swift in Sources */,
				552ACBF32D44CE490055BA9A /* MinimalThingsApp.swift in Sources */,
				554AC36F2D61F0FF009B3125 /* IconLabel.swift in Sources */,
				55C069402D7105B7000FB21B /* InterStitialViewModel.swift in Sources */,
				55C0693C2D6FD6D9000FB21B /* ImagePickerView.swift in Sources */,
				55C7B89C2D6AD9DF0017926D /* CategoryEditor.swift in Sources */,
				55C7B8952D67DDFF0017926D /* HoverActionButtonStyle.swift in Sources */,
				55C0693E2D6FD75D000FB21B /* CameraPicker.swift in Sources */,
				552EC92E2D6D357B000150BF /* CustomDatePicker.swift in Sources */,
			);
			runOnlyForDeploymentPostprocessing = 0;
		};
		552ACBFD2D44CE4B0055BA9A /* Sources */ = {
			isa = PBXSourcesBuildPhase;
			buildActionMask = 2147483647;
			files = (
				552ACC062D44CE4B0055BA9A /* MinimalThingsTests.swift in Sources */,
			);
			runOnlyForDeploymentPostprocessing = 0;
		};
		552ACC072D44CE4B0055BA9A /* Sources */ = {
			isa = PBXSourcesBuildPhase;
			buildActionMask = 2147483647;
			files = (
				552ACC102D44CE4B0055BA9A /* MinimalThingsUITests.swift in Sources */,
				552ACC122D44CE4B0055BA9A /* MinimalThingsUITestsLaunchTests.swift in Sources */,
			);
			runOnlyForDeploymentPostprocessing = 0;
		};
/* End PBXSourcesBuildPhase section */

/* Begin PBXTargetDependency section */
		552ACC032D44CE4B0055BA9A /* PBXTargetDependency */ = {
			isa = PBXTargetDependency;
			target = 552ACBEE2D44CE490055BA9A /* MinimalThings */;
			targetProxy = 552ACC022D44CE4B0055BA9A /* PBXContainerItemProxy */;
		};
		552ACC0D2D44CE4B0055BA9A /* PBXTargetDependency */ = {
			isa = PBXTargetDependency;
			target = 552ACBEE2D44CE490055BA9A /* MinimalThings */;
			targetProxy = 552ACC0C2D44CE4B0055BA9A /* PBXContainerItemProxy */;
		};
/* End PBXTargetDependency section */

/* Begin XCBuildConfiguration section */
		552ACC132D44CE4B0055BA9A /* Debug */ = {
			isa = XCBuildConfiguration;
			buildSettings = {
				ALWAYS_SEARCH_USER_PATHS = NO;
				ASSETCATALOG_COMPILER_GENERATE_SWIFT_ASSET_SYMBOL_EXTENSIONS = YES;
				CLANG_ANALYZER_NONNULL = YES;
				CLANG_ANALYZER_NUMBER_OBJECT_CONVERSION = YES_AGGRESSIVE;
				CLANG_CXX_LANGUAGE_STANDARD = "gnu++20";
				CLANG_ENABLE_MODULES = YES;
				CLANG_ENABLE_OBJC_ARC = YES;
				CLANG_ENABLE_OBJC_WEAK = YES;
				CLANG_WARN_BLOCK_CAPTURE_AUTORELEASING = YES;
				CLANG_WARN_BOOL_CONVERSION = YES;
				CLANG_WARN_COMMA = YES;
				CLANG_WARN_CONSTANT_CONVERSION = YES;
				CLANG_WARN_DEPRECATED_OBJC_IMPLEMENTATIONS = YES;
				CLANG_WARN_DIRECT_OBJC_ISA_USAGE = YES_ERROR;
				CLANG_WARN_DOCUMENTATION_COMMENTS = YES;
				CLANG_WARN_EMPTY_BODY = YES;
				CLANG_WARN_ENUM_CONVERSION = YES;
				CLANG_WARN_INFINITE_RECURSION = YES;
				CLANG_WARN_INT_CONVERSION = YES;
				CLANG_WARN_NON_LITERAL_NULL_CONVERSION = YES;
				CLANG_WARN_OBJC_IMPLICIT_RETAIN_SELF = YES;
				CLANG_WARN_OBJC_LITERAL_CONVERSION = YES;
				CLANG_WARN_OBJC_ROOT_CLASS = YES_ERROR;
				CLANG_WARN_QUOTED_INCLUDE_IN_FRAMEWORK_HEADER = YES;
				CLANG_WARN_RANGE_LOOP_ANALYSIS = YES;
				CLANG_WARN_STRICT_PROTOTYPES = YES;
				CLANG_WARN_SUSPICIOUS_MOVE = YES;
				CLANG_WARN_UNGUARDED_AVAILABILITY = YES_AGGRESSIVE;
				CLANG_WARN_UNREACHABLE_CODE = YES;
				CLANG_WARN__DUPLICATE_METHOD_MATCH = YES;
				COPY_PHASE_STRIP = NO;
				DEBUG_INFORMATION_FORMAT = dwarf;
				ENABLE_STRICT_OBJC_MSGSEND = YES;
				ENABLE_TESTABILITY = YES;
				ENABLE_USER_SCRIPT_SANDBOXING = YES;
				GCC_C_LANGUAGE_STANDARD = gnu17;
				GCC_DYNAMIC_NO_PIC = NO;
				GCC_NO_COMMON_BLOCKS = YES;
				GCC_OPTIMIZATION_LEVEL = 0;
				GCC_PREPROCESSOR_DEFINITIONS = (
					"DEBUG=1",
					"$(inherited)",
				);
				GCC_WARN_64_TO_32_BIT_CONVERSION = YES;
				GCC_WARN_ABOUT_RETURN_TYPE = YES_ERROR;
				GCC_WARN_UNDECLARED_SELECTOR = YES;
				GCC_WARN_UNINITIALIZED_AUTOS = YES_AGGRESSIVE;
				GCC_WARN_UNUSED_FUNCTION = YES;
				GCC_WARN_UNUSED_VARIABLE = YES;
				IPHONEOS_DEPLOYMENT_TARGET = 17.5;
				LOCALIZATION_PREFERS_STRING_CATALOGS = YES;
				MTL_ENABLE_DEBUG_INFO = INCLUDE_SOURCE;
				MTL_FAST_MATH = YES;
				ONLY_ACTIVE_ARCH = YES;
				SDKROOT = iphoneos;
				SWIFT_ACTIVE_COMPILATION_CONDITIONS = "DEBUG $(inherited)";
				SWIFT_EMIT_LOC_STRINGS = YES;
				SWIFT_OPTIMIZATION_LEVEL = "-Onone";
			};
			name = Debug;
		};
		552ACC142D44CE4B0055BA9A /* Release */ = {
			isa = XCBuildConfiguration;
			buildSettings = {
				ALWAYS_SEARCH_USER_PATHS = NO;
				ASSETCATALOG_COMPILER_GENERATE_SWIFT_ASSET_SYMBOL_EXTENSIONS = YES;
				CLANG_ANALYZER_NONNULL = YES;
				CLANG_ANALYZER_NUMBER_OBJECT_CONVERSION = YES_AGGRESSIVE;
				CLANG_CXX_LANGUAGE_STANDARD = "gnu++20";
				CLANG_ENABLE_MODULES = YES;
				CLANG_ENABLE_OBJC_ARC = YES;
				CLANG_ENABLE_OBJC_WEAK = YES;
				CLANG_WARN_BLOCK_CAPTURE_AUTORELEASING = YES;
				CLANG_WARN_BOOL_CONVERSION = YES;
				CLANG_WARN_COMMA = YES;
				CLANG_WARN_CONSTANT_CONVERSION = YES;
				CLANG_WARN_DEPRECATED_OBJC_IMPLEMENTATIONS = YES;
				CLANG_WARN_DIRECT_OBJC_ISA_USAGE = YES_ERROR;
				CLANG_WARN_DOCUMENTATION_COMMENTS = YES;
				CLANG_WARN_EMPTY_BODY = YES;
				CLANG_WARN_ENUM_CONVERSION = YES;
				CLANG_WARN_INFINITE_RECURSION = YES;
				CLANG_WARN_INT_CONVERSION = YES;
				CLANG_WARN_NON_LITERAL_NULL_CONVERSION = YES;
				CLANG_WARN_OBJC_IMPLICIT_RETAIN_SELF = YES;
				CLANG_WARN_OBJC_LITERAL_CONVERSION = YES;
				CLANG_WARN_OBJC_ROOT_CLASS = YES_ERROR;
				CLANG_WARN_QUOTED_INCLUDE_IN_FRAMEWORK_HEADER = YES;
				CLANG_WARN_RANGE_LOOP_ANALYSIS = YES;
				CLANG_WARN_STRICT_PROTOTYPES = YES;
				CLANG_WARN_SUSPICIOUS_MOVE = YES;
				CLANG_WARN_UNGUARDED_AVAILABILITY = YES_AGGRESSIVE;
				CLANG_WARN_UNREACHABLE_CODE = YES;
				CLANG_WARN__DUPLICATE_METHOD_MATCH = YES;
				COPY_PHASE_STRIP = NO;
				DEBUG_INFORMATION_FORMAT = "dwarf-with-dsym";
				ENABLE_NS_ASSERTIONS = NO;
				ENABLE_STRICT_OBJC_MSGSEND = YES;
				ENABLE_USER_SCRIPT_SANDBOXING = YES;
				GCC_C_LANGUAGE_STANDARD = gnu17;
				GCC_NO_COMMON_BLOCKS = YES;
				GCC_WARN_64_TO_32_BIT_CONVERSION = YES;
				GCC_WARN_ABOUT_RETURN_TYPE = YES_ERROR;
				GCC_WARN_UNDECLARED_SELECTOR = YES;
				GCC_WARN_UNINITIALIZED_AUTOS = YES_AGGRESSIVE;
				GCC_WARN_UNUSED_FUNCTION = YES;
				GCC_WARN_UNUSED_VARIABLE = YES;
				IPHONEOS_DEPLOYMENT_TARGET = 17.5;
				LOCALIZATION_PREFERS_STRING_CATALOGS = YES;
				MTL_ENABLE_DEBUG_INFO = NO;
				MTL_FAST_MATH = YES;
				SDKROOT = iphoneos;
				SWIFT_COMPILATION_MODE = wholemodule;
				SWIFT_EMIT_LOC_STRINGS = YES;
				VALIDATE_PRODUCT = YES;
			};
			name = Release;
		};
		552ACC162D44CE4B0055BA9A /* Debug */ = {
			isa = XCBuildConfiguration;
			baseConfigurationReference = 85FDA4D6AB9705AED97C2C00 /* Pods-MinimalThings.debug.xcconfig */;
			buildSettings = {
				ASSETCATALOG_COMPILER_APPICON_NAME = AppIcon;
				ASSETCATALOG_COMPILER_GLOBAL_ACCENT_COLOR_NAME = AccentColor;
				CODE_SIGN_STYLE = Automatic;
				CURRENT_PROJECT_VERSION = 1;
				DEVELOPMENT_ASSET_PATHS = "\"MinimalThings/Preview Content\"";
				DEVELOPMENT_TEAM = W8Y63B3AVP;
				ENABLE_PREVIEWS = YES;
				ENABLE_USER_SCRIPT_SANDBOXING = NO;
				GENERATE_INFOPLIST_FILE = YES;
				INFOPLIST_FILE = MinimalThings/Info.plist;
				INFOPLIST_KEY_NSCameraUsageDescription = "";
				INFOPLIST_KEY_UIApplicationSceneManifest_Generation = YES;
				INFOPLIST_KEY_UIApplicationSupportsIndirectInputEvents = YES;
				INFOPLIST_KEY_UILaunchScreen_Generation = YES;
				INFOPLIST_KEY_UISupportedInterfaceOrientations_iPad = "UIInterfaceOrientationPortrait UIInterfaceOrientationPortraitUpsideDown UIInterfaceOrientationLandscapeLeft UIInterfaceOrientationLandscapeRight";
				INFOPLIST_KEY_UISupportedInterfaceOrientations_iPhone = "UIInterfaceOrientationPortrait UIInterfaceOrientationLandscapeLeft UIInterfaceOrientationLandscapeRight";
				IPHONEOS_DEPLOYMENT_TARGET = 18.0;
				LD_RUNPATH_SEARCH_PATHS = (
					"$(inherited)",
					"@executable_path/Frameworks",
				);
				MARKETING_VERSION = 1.0;
				PRODUCT_BUNDLE_IDENTIFIER = com.fukulab.MinimalThings;
				PRODUCT_NAME = "$(TARGET_NAME)";
				SWIFT_EMIT_LOC_STRINGS = YES;
				SWIFT_VERSION = 5.0;
				TARGETED_DEVICE_FAMILY = "1,2";
			};
			name = Debug;
		};
		552ACC172D44CE4B0055BA9A /* Release */ = {
			isa = XCBuildConfiguration;
			baseConfigurationReference = 12AF87EC77A74B715CB87979 /* Pods-MinimalThings.release.xcconfig */;
			buildSettings = {
				ASSETCATALOG_COMPILER_APPICON_NAME = AppIcon;
				ASSETCATALOG_COMPILER_GLOBAL_ACCENT_COLOR_NAME = AccentColor;
				CODE_SIGN_STYLE = Automatic;
				CURRENT_PROJECT_VERSION = 1;
				DEVELOPMENT_ASSET_PATHS = "\"MinimalThings/Preview Content\"";
				DEVELOPMENT_TEAM = W8Y63B3AVP;
				ENABLE_PREVIEWS = YES;
				ENABLE_USER_SCRIPT_SANDBOXING = NO;
				GENERATE_INFOPLIST_FILE = YES;
				INFOPLIST_FILE = MinimalThings/Info.plist;
				INFOPLIST_KEY_NSCameraUsageDescription = "";
				INFOPLIST_KEY_UIApplicationSceneManifest_Generation = YES;
				INFOPLIST_KEY_UIApplicationSupportsIndirectInputEvents = YES;
				INFOPLIST_KEY_UILaunchScreen_Generation = YES;
				INFOPLIST_KEY_UISupportedInterfaceOrientations_iPad = "UIInterfaceOrientationPortrait UIInterfaceOrientationPortraitUpsideDown UIInterfaceOrientationLandscapeLeft UIInterfaceOrientationLandscapeRight";
				INFOPLIST_KEY_UISupportedInterfaceOrientations_iPhone = "UIInterfaceOrientationPortrait UIInterfaceOrientationLandscapeLeft UIInterfaceOrientationLandscapeRight";
				IPHONEOS_DEPLOYMENT_TARGET = 18.0;
				LD_RUNPATH_SEARCH_PATHS = (
					"$(inherited)",
					"@executable_path/Frameworks",
				);
				MARKETING_VERSION = 1.0;
				PRODUCT_BUNDLE_IDENTIFIER = com.fukulab.MinimalThings;
				PRODUCT_NAME = "$(TARGET_NAME)";
				SWIFT_EMIT_LOC_STRINGS = YES;
				SWIFT_VERSION = 5.0;
				TARGETED_DEVICE_FAMILY = "1,2";
			};
			name = Release;
		};
		552ACC192D44CE4B0055BA9A /* Debug */ = {
			isa = XCBuildConfiguration;
			baseConfigurationReference = C1E1334DD52C06E939FC1B7E /* Pods-MinimalThingsTests.debug.xcconfig */;
			buildSettings = {
				ALWAYS_EMBED_SWIFT_STANDARD_LIBRARIES = YES;
				BUNDLE_LOADER = "$(TEST_HOST)";
				CODE_SIGN_STYLE = Automatic;
				CURRENT_PROJECT_VERSION = 1;
				DEVELOPMENT_TEAM = W8Y63B3AVP;
				GENERATE_INFOPLIST_FILE = YES;
				IPHONEOS_DEPLOYMENT_TARGET = 17.5;
				MARKETING_VERSION = 1.0;
				PRODUCT_BUNDLE_IDENTIFIER = com.fukulab.MinimalThingsTests;
				PRODUCT_NAME = "$(TARGET_NAME)";
				SWIFT_EMIT_LOC_STRINGS = NO;
				SWIFT_VERSION = 5.0;
				TARGETED_DEVICE_FAMILY = "1,2";
				TEST_HOST = "$(BUILT_PRODUCTS_DIR)/MinimalThings.app/$(BUNDLE_EXECUTABLE_FOLDER_PATH)/MinimalThings";
			};
			name = Debug;
		};
		552ACC1A2D44CE4B0055BA9A /* Release */ = {
			isa = XCBuildConfiguration;
			baseConfigurationReference = CB313E3926F13C3A2D3BBD13 /* Pods-MinimalThingsTests.release.xcconfig */;
			buildSettings = {
				ALWAYS_EMBED_SWIFT_STANDARD_LIBRARIES = YES;
				BUNDLE_LOADER = "$(TEST_HOST)";
				CODE_SIGN_STYLE = Automatic;
				CURRENT_PROJECT_VERSION = 1;
				DEVELOPMENT_TEAM = W8Y63B3AVP;
				GENERATE_INFOPLIST_FILE = YES;
				IPHONEOS_DEPLOYMENT_TARGET = 17.5;
				MARKETING_VERSION = 1.0;
				PRODUCT_BUNDLE_IDENTIFIER = com.fukulab.MinimalThingsTests;
				PRODUCT_NAME = "$(TARGET_NAME)";
				SWIFT_EMIT_LOC_STRINGS = NO;
				SWIFT_VERSION = 5.0;
				TARGETED_DEVICE_FAMILY = "1,2";
				TEST_HOST = "$(BUILT_PRODUCTS_DIR)/MinimalThings.app/$(BUNDLE_EXECUTABLE_FOLDER_PATH)/MinimalThings";
			};
			name = Release;
		};
		552ACC1C2D44CE4B0055BA9A /* Debug */ = {
			isa = XCBuildConfiguration;
			baseConfigurationReference = A19685C475C0A29015414CA5 /* Pods-MinimalThings-MinimalThingsUITests.debug.xcconfig */;
			buildSettings = {
				ALWAYS_EMBED_SWIFT_STANDARD_LIBRARIES = YES;
				CODE_SIGN_STYLE = Automatic;
				CURRENT_PROJECT_VERSION = 1;
				DEVELOPMENT_TEAM = W8Y63B3AVP;
				GENERATE_INFOPLIST_FILE = YES;
				MARKETING_VERSION = 1.0;
				PRODUCT_BUNDLE_IDENTIFIER = com.fukulab.MinimalThingsUITests;
				PRODUCT_NAME = "$(TARGET_NAME)";
				SWIFT_EMIT_LOC_STRINGS = NO;
				SWIFT_VERSION = 5.0;
				TARGETED_DEVICE_FAMILY = "1,2";
				TEST_TARGET_NAME = MinimalThings;
			};
			name = Debug;
		};
		552ACC1D2D44CE4B0055BA9A /* Release */ = {
			isa = XCBuildConfiguration;
			baseConfigurationReference = 2767CC924C595DF1A5B7BC40 /* Pods-MinimalThings-MinimalThingsUITests.release.xcconfig */;
			buildSettings = {
				ALWAYS_EMBED_SWIFT_STANDARD_LIBRARIES = YES;
				CODE_SIGN_STYLE = Automatic;
				CURRENT_PROJECT_VERSION = 1;
				DEVELOPMENT_TEAM = W8Y63B3AVP;
				GENERATE_INFOPLIST_FILE = YES;
				MARKETING_VERSION = 1.0;
				PRODUCT_BUNDLE_IDENTIFIER = com.fukulab.MinimalThingsUITests;
				PRODUCT_NAME = "$(TARGET_NAME)";
				SWIFT_EMIT_LOC_STRINGS = NO;
				SWIFT_VERSION = 5.0;
				TARGETED_DEVICE_FAMILY = "1,2";
				TEST_TARGET_NAME = MinimalThings;
			};
			name = Release;
		};
/* End XCBuildConfiguration section */

/* Begin XCConfigurationList section */
		552ACBEA2D44CE490055BA9A /* Build configuration list for PBXProject "MinimalThings" */ = {
			isa = XCConfigurationList;
			buildConfigurations = (
				552ACC132D44CE4B0055BA9A /* Debug */,
				552ACC142D44CE4B0055BA9A /* Release */,
			);
			defaultConfigurationIsVisible = 0;
			defaultConfigurationName = Release;
		};
		552ACC152D44CE4B0055BA9A /* Build configuration list for PBXNativeTarget "MinimalThings" */ = {
			isa = XCConfigurationList;
			buildConfigurations = (
				552ACC162D44CE4B0055BA9A /* Debug */,
				552ACC172D44CE4B0055BA9A /* Release */,
			);
			defaultConfigurationIsVisible = 0;
			defaultConfigurationName = Release;
		};
		552ACC182D44CE4B0055BA9A /* Build configuration list for PBXNativeTarget "MinimalThingsTests" */ = {
			isa = XCConfigurationList;
			buildConfigurations = (
				552ACC192D44CE4B0055BA9A /* Debug */,
				552ACC1A2D44CE4B0055BA9A /* Release */,
			);
			defaultConfigurationIsVisible = 0;
			defaultConfigurationName = Release;
		};
		552ACC1B2D44CE4B0055BA9A /* Build configuration list for PBXNativeTarget "MinimalThingsUITests" */ = {
			isa = XCConfigurationList;
			buildConfigurations = (
				552ACC1C2D44CE4B0055BA9A /* Debug */,
				552ACC1D2D44CE4B0055BA9A /* Release */,
			);
			defaultConfigurationIsVisible = 0;
			defaultConfigurationName = Release;
		};
/* End XCConfigurationList section */
	};
	rootObject = 552ACBE72D44CE490055BA9A /* Project object */;
}
